
Microsoft Visual Studio Solution File, Format Version 9.00
# Visual Studio 2005
Project("{8BC9CEB8-8B4A-11D0-8D11-00A0C91BC942}") = "MagicCube5D", "MagicCube5D\MagicCube5D.vcproj", "{42CC3972-1B3B-419B-87A4-7796289D9E23}"
EndProject
Project("{FAE04EC0-301F-11D3-BF4B-00C04F79EFBC}") = "magicCubeGui", "MagicCubeGui\magicCubeGui.csproj", "{6B1A6B1E-6AD5-442D-A27D-7D4EADF1B8A9}"
EndProject
Project("{54435603-DBB4-11D2-8724-00A0C9A8B90C}") = "MagicCube5DInstall", "MagicCube5DInstall\MagicCube5DInstall.vdproj", "{2CF97636-4376-4821-B740-B9FDB146FBC0}"
EndProject
Global
	GlobalSection(SolutionConfigurationPlatforms) = preSolution
		Debug|Any CPU = Debug|Any CPU
		Debug|Mixed Platforms = Debug|Mixed Platforms
		Debug|Win32 = Debug|Win32
		Release|Any CPU = Release|Any CPU
		Release|Mixed Platforms = Release|Mixed Platforms
		Release|Win32 = Release|Win32
	EndGlobalSection
	GlobalSection(ProjectConfigurationPlatforms) = postSolution
		{42CC3972-1B3B-419B-87A4-7796289D9E23}.Debug|Any CPU.ActiveCfg = Debug|Win32
		{42CC3972-1B3B-419B-87A4-7796289D9E23}.Debug|Mixed Platforms.ActiveCfg = Debug|Win32
		{42CC3972-1B3B-419B-87A4-7796289D9E23}.Debug|Mixed Platforms.Build.0 = Debug|Win32
		{42CC3972-1B3B-419B-87A4-7796289D9E23}.Debug|Win32.ActiveCfg = Debug|Win32
		{42CC3972-1B3B-419B-87A4-7796289D9E23}.Debug|Win32.Build.0 = Debug|Win32
		{42CC3972-1B3B-419B-87A4-7796289D9E23}.Release|Any CPU.ActiveCfg = Release|Win32
		{42CC3972-1B3B-419B-87A4-7796289D9E23}.Release|Mixed Platforms.ActiveCfg = Release|Win32
		{42CC3972-1B3B-419B-87A4-7796289D9E23}.Release|Mixed Platforms.Build.0 = Release|Win32
		{42CC3972-1B3B-419B-87A4-7796289D9E23}.Release|Win32.ActiveCfg = Release|Win32
		{42CC3972-1B3B-419B-87A4-7796289D9E23}.Release|Win32.Build.0 = Release|Win32
		{6B1A6B1E-6AD5-442D-A27D-7D4EADF1B8A9}.Debug|Any CPU.ActiveCfg = Debug|Any CPU
		{6B1A6B1E-6AD5-442D-A27D-7D4EADF1B8A9}.Debug|Any CPU.Build.0 = Debug|Any CPU
		{6B1A6B1E-6AD5-442D-A27D-7D4EADF1B8A9}.Debug|Mixed Platforms.ActiveCfg = Debug|Any CPU
		{6B1A6B1E-6AD5-442D-A27D-7D4EADF1B8A9}.Debug|Mixed Platforms.Build.0 = Debug|Any CPU
		{6B1A6B1E-6AD5-442D-A27D-7D4EADF1B8A9}.Debug|Win32.ActiveCfg = Debug|Any CPU
		{6B1A6B1E-6AD5-442D-A27D-7D4EADF1B8A9}.Release|Any CPU.ActiveCfg = Release|Any CPU
		{6B1A6B1E-6AD5-442D-A27D-7D4EADF1B8A9}.Release|Any CPU.Build.0 = Release|Any CPU
		{6B1A6B1E-6AD5-442D-A27D-7D4EADF1B8A9}.Release|Mixed Platforms.ActiveCfg = Release|Any CPU
		{6B1A6B1E-6AD5-442D-A27D-7D4EADF1B8A9}.Release|Mixed Platforms.Build.0 = Release|Any CPU
		{6B1A6B1E-6AD5-442D-A27D-7D4EADF1B8A9}.Release|Win32.ActiveCfg = Release|Any CPU
		{2CF97636-4376-4821-B740-B9FDB146FBC0}.Debug|Any CPU.ActiveCfg = Debug
		{2CF97636-4376-4821-B740-B9FDB146FBC0}.Debug|Any CPU.Build.0 = Debug
		{2CF97636-4376-4821-B740-B9FDB146FBC0}.Debug|Mixed Platforms.ActiveCfg = Debug
		{2CF97636-4376-4821-B740-B9FDB146FBC0}.Debug|Mixed Platforms.Build.0 = Debug
		{2CF97636-4376-4821-B740-B9FDB146FBC0}.Debug|Win32.ActiveCfg = Debug
		{2CF97636-4376-4821-B740-B9FDB146FBC0}.Debug|Win32.Build.0 = Debug
		{2CF97636-4376-4821-B740-B9FDB146FBC0}.Release|Any CPU.ActiveCfg = Release
		{2CF97636-4376-4821-B740-B9FDB146FBC0}.Release|Any CPU.Build.0 = Release
		{2CF97636-4376-4821-B740-B9FDB146FBC0}.Release|Mixed Platforms.ActiveCfg = Release
		{2CF97636-4376-4821-B740-B9FDB146FBC0}.Release|Mixed Platforms.Build.0 = Release
		{2CF97636-4376-4821-B740-B9FDB146FBC0}.Release|Win32.ActiveCfg = Release
		{2CF97636-4376-4821-B740-B9FDB146FBC0}.Release|Win32.Build.0 = Release
	EndGlobalSection
	GlobalSection(SolutionProperties) = preSolution
		HideSolutionNode = FALSE
	EndGlobalSection
EndGlobal
